
Microsoft Visual Studio Solution File, Format Version 12.00
# Visual Studio Version 17
VisualStudioVersion = 17.6.33815.320
MinimumVisualStudioVersion = 10.0.40219.1
Project("{8BC9CEB8-8B4A-11D0-8D11-00A0C91BC942}") = "07_10夜", "07_10夜\07_10夜.vcxproj", "{D8952063-FE13-4FA7-8C9F-AF7D485133D6}"
EndProject
Global
	GlobalSection(SolutionConfigurationPlatforms) = preSolution
		Debug|x64 = Debug|x64
		Debug|x86 = Debug|x86
		Release|x64 = Release|x64
		Release|x86 = Release|x86
	EndGlobalSection
	GlobalSection(ProjectConfigurationPlatforms) = postSolution
		{D8952063-FE13-4FA7-8C9F-AF7D485133D6}.Debug|x64.ActiveCfg = Debug|x64
		{D8952063-FE13-4FA7-8C9F-AF7D485133D6}.Debug|x64.Build.0 = Debug|x64
		{D8952063-FE13-4FA7-8C9F-AF7D485133D6}.Debug|x86.ActiveCfg = Debug|Win32
		{D8952063-FE13-4FA7-8C9F-AF7D485133D6}.Debug|x86.Build.0 = Debug|Win32
		{D8952063-FE13-4FA7-8C9F-AF7D485133D6}.Release|x64.ActiveCfg = Release|x64
		{D8952063-FE13-4FA7-8C9F-AF7D485133D6}.Release|x64.Build.0 = Release|x64
		{D8952063-FE13-4FA7-8C9F-AF7D485133D6}.Release|x86.ActiveCfg = Release|Win32
		{D8952063-FE13-4FA7-8C9F-AF7D485133D6}.Release|x86.Build.0 = Release|Win32
	EndGlobalSection
	GlobalSection(SolutionProperties) = preSolution
		HideSolutionNode = FALSE
	EndGlobalSection
	GlobalSection(ExtensibilityGlobals) = postSolution
		SolutionGuid = {7509F49E-BEFA-4EBA-AFD9-1C7AF4F53EC5}
	EndGlobalSection
EndGlobal
