
Microsoft Visual Studio Solution File, Format Version 12.00
# Visual Studio Version 17
VisualStudioVersion = 17.6.33829.357
MinimumVisualStudioVersion = 10.0.40219.1
Project("{8BC9CEB8-8B4A-11D0-8D11-00A0C91BC942}") = "08-25", "08-25\08-25.vcxproj", "{D3BD402A-BA01-4C0C-A13D-92F6E43C050F}"
EndProject
Global
	GlobalSection(SolutionConfigurationPlatforms) = preSolution
		Debug|x64 = Debug|x64
		Debug|x86 = Debug|x86
		Release|x64 = Release|x64
		Release|x86 = Release|x86
	EndGlobalSection
	GlobalSection(ProjectConfigurationPlatforms) = postSolution
		{D3BD402A-BA01-4C0C-A13D-92F6E43C050F}.Debug|x64.ActiveCfg = Debug|x64
		{D3BD402A-BA01-4C0C-A13D-92F6E43C050F}.Debug|x64.Build.0 = Debug|x64
		{D3BD402A-BA01-4C0C-A13D-92F6E43C050F}.Debug|x86.ActiveCfg = Debug|Win32
		{D3BD402A-BA01-4C0C-A13D-92F6E43C050F}.Debug|x86.Build.0 = Debug|Win32
		{D3BD402A-BA01-4C0C-A13D-92F6E43C050F}.Release|x64.ActiveCfg = Release|x64
		{D3BD402A-BA01-4C0C-A13D-92F6E43C050F}.Release|x64.Build.0 = Release|x64
		{D3BD402A-BA01-4C0C-A13D-92F6E43C050F}.Release|x86.ActiveCfg = Release|Win32
		{D3BD402A-BA01-4C0C-A13D-92F6E43C050F}.Release|x86.Build.0 = Release|Win32
	EndGlobalSection
	GlobalSection(SolutionProperties) = preSolution
		HideSolutionNode = FALSE
	EndGlobalSection
	GlobalSection(ExtensibilityGlobals) = postSolution
		SolutionGuid = {D4F256FB-0E55-4A6C-A409-7A9F720AADB7}
	EndGlobalSection
EndGlobal
