
Microsoft Visual Studio Solution File, Format Version 12.00
# Visual Studio Version 17
VisualStudioVersion = 17.6.33815.320
MinimumVisualStudioVersion = 10.0.40219.1
Project("{8BC9CEB8-8B4A-11D0-8D11-00A0C91BC942}") = "七月15", "七月15\七月15.vcxproj", "{ABDC92EF-BC3E-4AAB-AD15-9CCBBD95AABC}"
EndProject
Global
	GlobalSection(SolutionConfigurationPlatforms) = preSolution
		Debug|x64 = Debug|x64
		Debug|x86 = Debug|x86
		Release|x64 = Release|x64
		Release|x86 = Release|x86
	EndGlobalSection
	GlobalSection(ProjectConfigurationPlatforms) = postSolution
		{ABDC92EF-BC3E-4AAB-AD15-9CCBBD95AABC}.Debug|x64.ActiveCfg = Debug|x64
		{ABDC92EF-BC3E-4AAB-AD15-9CCBBD95AABC}.Debug|x64.Build.0 = Debug|x64
		{ABDC92EF-BC3E-4AAB-AD15-9CCBBD95AABC}.Debug|x86.ActiveCfg = Debug|Win32
		{ABDC92EF-BC3E-4AAB-AD15-9CCBBD95AABC}.Debug|x86.Build.0 = Debug|Win32
		{ABDC92EF-BC3E-4AAB-AD15-9CCBBD95AABC}.Release|x64.ActiveCfg = Release|x64
		{ABDC92EF-BC3E-4AAB-AD15-9CCBBD95AABC}.Release|x64.Build.0 = Release|x64
		{ABDC92EF-BC3E-4AAB-AD15-9CCBBD95AABC}.Release|x86.ActiveCfg = Release|Win32
		{ABDC92EF-BC3E-4AAB-AD15-9CCBBD95AABC}.Release|x86.Build.0 = Release|Win32
	EndGlobalSection
	GlobalSection(SolutionProperties) = preSolution
		HideSolutionNode = FALSE
	EndGlobalSection
	GlobalSection(ExtensibilityGlobals) = postSolution
		SolutionGuid = {B4E0806B-F831-464A-B86A-E419CDB92E2F}
	EndGlobalSection
EndGlobal
