
Microsoft Visual Studio Solution File, Format Version 12.00
# Visual Studio Version 17
VisualStudioVersion = 17.6.33829.357
MinimumVisualStudioVersion = 10.0.40219.1
Project("{8BC9CEB8-8B4A-11D0-8D11-00A0C91BC942}") = "08-18", "08-18\08-18.vcxproj", "{F31038AB-732F-48E7-B609-30CEE3211E4F}"
EndProject
Global
	GlobalSection(SolutionConfigurationPlatforms) = preSolution
		Debug|x64 = Debug|x64
		Debug|x86 = Debug|x86
		Release|x64 = Release|x64
		Release|x86 = Release|x86
	EndGlobalSection
	GlobalSection(ProjectConfigurationPlatforms) = postSolution
		{F31038AB-732F-48E7-B609-30CEE3211E4F}.Debug|x64.ActiveCfg = Debug|x64
		{F31038AB-732F-48E7-B609-30CEE3211E4F}.Debug|x64.Build.0 = Debug|x64
		{F31038AB-732F-48E7-B609-30CEE3211E4F}.Debug|x86.ActiveCfg = Debug|Win32
		{F31038AB-732F-48E7-B609-30CEE3211E4F}.Debug|x86.Build.0 = Debug|Win32
		{F31038AB-732F-48E7-B609-30CEE3211E4F}.Release|x64.ActiveCfg = Release|x64
		{F31038AB-732F-48E7-B609-30CEE3211E4F}.Release|x64.Build.0 = Release|x64
		{F31038AB-732F-48E7-B609-30CEE3211E4F}.Release|x86.ActiveCfg = Release|Win32
		{F31038AB-732F-48E7-B609-30CEE3211E4F}.Release|x86.Build.0 = Release|Win32
	EndGlobalSection
	GlobalSection(SolutionProperties) = preSolution
		HideSolutionNode = FALSE
	EndGlobalSection
	GlobalSection(ExtensibilityGlobals) = postSolution
		SolutionGuid = {32398735-BDC4-4F08-B647-FEE2F09E6378}
	EndGlobalSection
EndGlobal
