
Microsoft Visual Studio Solution File, Format Version 12.00
# Visual Studio Version 17
VisualStudioVersion = 17.6.33815.320
MinimumVisualStudioVersion = 10.0.40219.1
Project("{8BC9CEB8-8B4A-11D0-8D11-00A0C91BC942}") = "判断语句", "判断语句\判断语句.vcxproj", "{F9462EC1-A15D-42B5-B59B-CE6BA172061E}"
EndProject
Global
	GlobalSection(SolutionConfigurationPlatforms) = preSolution
		Debug|x64 = Debug|x64
		Debug|x86 = Debug|x86
		Release|x64 = Release|x64
		Release|x86 = Release|x86
	EndGlobalSection
	GlobalSection(ProjectConfigurationPlatforms) = postSolution
		{F9462EC1-A15D-42B5-B59B-CE6BA172061E}.Debug|x64.ActiveCfg = Debug|x64
		{F9462EC1-A15D-42B5-B59B-CE6BA172061E}.Debug|x64.Build.0 = Debug|x64
		{F9462EC1-A15D-42B5-B59B-CE6BA172061E}.Debug|x86.ActiveCfg = Debug|Win32
		{F9462EC1-A15D-42B5-B59B-CE6BA172061E}.Debug|x86.Build.0 = Debug|Win32
		{F9462EC1-A15D-42B5-B59B-CE6BA172061E}.Release|x64.ActiveCfg = Release|x64
		{F9462EC1-A15D-42B5-B59B-CE6BA172061E}.Release|x64.Build.0 = Release|x64
		{F9462EC1-A15D-42B5-B59B-CE6BA172061E}.Release|x86.ActiveCfg = Release|Win32
		{F9462EC1-A15D-42B5-B59B-CE6BA172061E}.Release|x86.Build.0 = Release|Win32
	EndGlobalSection
	GlobalSection(SolutionProperties) = preSolution
		HideSolutionNode = FALSE
	EndGlobalSection
	GlobalSection(ExtensibilityGlobals) = postSolution
		SolutionGuid = {FD818AE5-5392-47BD-9F49-39AF28F40120}
	EndGlobalSection
EndGlobal
